// !$*UTF8*$!
{
	archiveVersion = 1;
	classes = {
	};
	objectVersion = 50;
	objects = {

/* Begin PBXBuildFile section */
		3F2E8BBF26F3446800240305 /* RSTask11Tests.swift in Sources */ = {isa = PBXBuildFile; fileRef = 3F2E8BBE26F3446800240305 /* RSTask11Tests.swift */; };
		3F2E8BC726F344B600240305 /* RocketTest.swift in Sources */ = {isa = PBXBuildFile; fileRef = 3F2E8BC626F344B600240305 /* RocketTest.swift */; };
		3F2E8BC926F3454700240305 /* Mocks.swift in Sources */ = {isa = PBXBuildFile; fileRef = 3F2E8BC826F3454700240305 /* Mocks.swift */; };
		3F38F93826F084C000A6D7A5 /* ShadowedMapView.swift in Sources */ = {isa = PBXBuildFile; fileRef = 3F38F93726F084C000A6D7A5 /* ShadowedMapView.swift */; };
		3F38F93A26F089F300A6D7A5 /* ImageViewPresenter.swift in Sources */ = {isa = PBXBuildFile; fileRef = 3F38F93926F089F300A6D7A5 /* ImageViewPresenter.swift */; };
		3F38F93C26F0C1F300A6D7A5 /* LaunchpadDetailsPresenter.swift in Sources */ = {isa = PBXBuildFile; fileRef = 3F38F93B26F0C1F300A6D7A5 /* LaunchpadDetailsPresenter.swift */; };
		3F6E904C26E9E66F00A9FA49 /* UITabBarControllerTransitions.swift in Sources */ = {isa = PBXBuildFile; fileRef = 3F6E904B26E9E66F00A9FA49 /* UITabBarControllerTransitions.swift */; };
		3F6E904F26E9EE3400A9FA49 /* RocketListViewController.swift in Sources */ = {isa = PBXBuildFile; fileRef = 3F6E904E26E9EE3400A9FA49 /* RocketListViewController.swift */; };
		3F6E905226E9EE5C00A9FA49 /* RocketCell.swift in Sources */ = {isa = PBXBuildFile; fileRef = 3F6E905026E9EE5C00A9FA49 /* RocketCell.swift */; };
		3F6E905326E9EE5C00A9FA49 /* RocketCell.xib in Resources */ = {isa = PBXBuildFile; fileRef = 3F6E905126E9EE5C00A9FA49 /* RocketCell.xib */; };
		3F6E905726EA3BD200A9FA49 /* LaunchCell.swift in Sources */ = {isa = PBXBuildFile; fileRef = 3F6E905526EA3BD200A9FA49 /* LaunchCell.swift */; };
		3F6E905826EA3BD200A9FA49 /* LaunchCell.xib in Resources */ = {isa = PBXBuildFile; fileRef = 3F6E905626EA3BD200A9FA49 /* LaunchCell.xib */; };
		3F6E905A26EA3C4300A9FA49 /* IndicatorView.swift in Sources */ = {isa = PBXBuildFile; fileRef = 3F6E905926EA3C4300A9FA49 /* IndicatorView.swift */; };
		3F6E906026EA4A6A00A9FA49 /* ShadowedView.swift in Sources */ = {isa = PBXBuildFile; fileRef = 3F6E905F26EA4A6A00A9FA49 /* ShadowedView.swift */; };
		3F6E906526EA4C3000A9FA49 /* ShadowedImageView.swift in Sources */ = {isa = PBXBuildFile; fileRef = 3F6E906426EA4C3000A9FA49 /* ShadowedImageView.swift */; };
		3F6E906726EA4CEE00A9FA49 /* ShadowedButton.swift in Sources */ = {isa = PBXBuildFile; fileRef = 3F6E906626EA4CEE00A9FA49 /* ShadowedButton.swift */; };
		3F700E3926EF3194003B2EBB /* RocketDetailsPresenter.swift in Sources */ = {isa = PBXBuildFile; fileRef = 3F700E3826EF3194003B2EBB /* RocketDetailsPresenter.swift */; };
		3F7F60DF26EB31A000BB537E /* Coordinator.swift in Sources */ = {isa = PBXBuildFile; fileRef = 3F7F60DE26EB31A000BB537E /* Coordinator.swift */; };
		3F7F60E226EB327700BB537E /* NetworkService.swift in Sources */ = {isa = PBXBuildFile; fileRef = 3F7F60E126EB327700BB537E /* NetworkService.swift */; };
		3F7F60E426EB32F600BB537E /* LaunchListViewController.swift in Sources */ = {isa = PBXBuildFile; fileRef = 3F7F60E326EB32F600BB537E /* LaunchListViewController.swift */; };
		3F7F60E726EB352600BB537E /* LaunchpadListViewController.swift in Sources */ = {isa = PBXBuildFile; fileRef = 3F7F60E626EB352600BB537E /* LaunchpadListViewController.swift */; };
		3F7F60EA26EB395500BB537E /* LaunchpadCell.swift in Sources */ = {isa = PBXBuildFile; fileRef = 3F7F60E826EB395500BB537E /* LaunchpadCell.swift */; };
		3F7F60EB26EB395500BB537E /* LaunchpadCell.xib in Resources */ = {isa = PBXBuildFile; fileRef = 3F7F60E926EB395500BB537E /* LaunchpadCell.xib */; };
		3F7F60EF26EB3DD800BB537E /* Launchpad.swift in Sources */ = {isa = PBXBuildFile; fileRef = 3F7F60EE26EB3DD800BB537E /* Launchpad.swift */; };
		3F7F60F126EB4C1C00BB537E /* Launch.swift in Sources */ = {isa = PBXBuildFile; fileRef = 3F7F60F026EB4C1C00BB537E /* Launch.swift */; };
		3F7F60F326EB509500BB537E /* Helper.swift in Sources */ = {isa = PBXBuildFile; fileRef = 3F7F60F226EB509500BB537E /* Helper.swift */; };
		3F7F60F626EB8AED00BB537E /* LaunchpadListPresenter.swift in Sources */ = {isa = PBXBuildFile; fileRef = 3F7F60F526EB8AED00BB537E /* LaunchpadListPresenter.swift */; };
		3F7F60F826EB8DDD00BB537E /* Service.swift in Sources */ = {isa = PBXBuildFile; fileRef = 3F7F60F726EB8DDD00BB537E /* Service.swift */; };
		3F7F60FA26EB90B900BB537E /* LaunchpadCellViewData.swift in Sources */ = {isa = PBXBuildFile; fileRef = 3F7F60F926EB90B900BB537E /* LaunchpadCellViewData.swift */; };
		3F95D97226E883D500ECB3D8 /* AppDelegate.swift in Sources */ = {isa = PBXBuildFile; fileRef = 3F95D97126E883D500ECB3D8 /* AppDelegate.swift */; };
		3F95D97B26E883D600ECB3D8 /* Assets.xcassets in Resources */ = {isa = PBXBuildFile; fileRef = 3F95D97A26E883D600ECB3D8 /* Assets.xcassets */; };
		3F95D97E26E883D600ECB3D8 /* LaunchScreen.storyboard in Resources */ = {isa = PBXBuildFile; fileRef = 3F95D97C26E883D600ECB3D8 /* LaunchScreen.storyboard */; };
		3F95D98726E8869500ECB3D8 /* Assets.swift in Sources */ = {isa = PBXBuildFile; fileRef = 3F95D98626E8869500ECB3D8 /* Assets.swift */; };
		3F95D98A26E89E4C00ECB3D8 /* Roboto-Bold.ttf in Resources */ = {isa = PBXBuildFile; fileRef = 3F95D98926E89E4C00ECB3D8 /* Roboto-Bold.ttf */; };
		3F95D98C26E89E5F00ECB3D8 /* Roboto-Medium.ttf in Resources */ = {isa = PBXBuildFile; fileRef = 3F95D98B26E89E5F00ECB3D8 /* Roboto-Medium.ttf */; };
		3FB6612526EB972D00661134 /* Coordinator + PresenterCoordinator.swift in Sources */ = {isa = PBXBuildFile; fileRef = 3FB6612426EB972D00661134 /* Coordinator + PresenterCoordinator.swift */; };
		3FCEB9FB26F20835000253F0 /* UINavigationControllerTransitions.swift in Sources */ = {isa = PBXBuildFile; fileRef = 3FCEB9FA26F20835000253F0 /* UINavigationControllerTransitions.swift */; };
		3FE2421226EF6E4E0013C76C /* ImageCell.swift in Sources */ = {isa = PBXBuildFile; fileRef = 3FE2421026EF6E4E0013C76C /* ImageCell.swift */; };
		3FE2421326EF6E4E0013C76C /* ImageCell.xib in Resources */ = {isa = PBXBuildFile; fileRef = 3FE2421126EF6E4E0013C76C /* ImageCell.xib */; };
		3FE2421626EF903C0013C76C /* LaunchDetailsPresenter.swift in Sources */ = {isa = PBXBuildFile; fileRef = 3FE2421526EF903C0013C76C /* LaunchDetailsPresenter.swift */; };
		3FE2421B26EF98500013C76C /* WebViewController.swift in Sources */ = {isa = PBXBuildFile; fileRef = 3FE2421926EF98500013C76C /* WebViewController.swift */; };
		3FE2421C26EF98500013C76C /* WebViewController.xib in Resources */ = {isa = PBXBuildFile; fileRef = 3FE2421A26EF98500013C76C /* WebViewController.xib */; };
		3FE2421F26EFA0120013C76C /* ImageViewController.swift in Sources */ = {isa = PBXBuildFile; fileRef = 3FE2421E26EFA0120013C76C /* ImageViewController.swift */; };
		84212E7E26EBDBC6007BEDA9 /* Rocket.swift in Sources */ = {isa = PBXBuildFile; fileRef = 84212E7D26EBDBC6007BEDA9 /* Rocket.swift */; };
		84212E8326EBE956007BEDA9 /* LaunchCellViewData.swift in Sources */ = {isa = PBXBuildFile; fileRef = 84212E8226EBE956007BEDA9 /* LaunchCellViewData.swift */; };
		84212E8626EBE969007BEDA9 /* RocketCellViewData.swift in Sources */ = {isa = PBXBuildFile; fileRef = 84212E8526EBE969007BEDA9 /* RocketCellViewData.swift */; };
		84C8DF6926EC9307003E3D8B /* RocketListPresenter.swift in Sources */ = {isa = PBXBuildFile; fileRef = 84C8DF6826EC9307003E3D8B /* RocketListPresenter.swift */; };
		84C8DF6C26EC934A003E3D8B /* LaunchListPresenter.swift in Sources */ = {isa = PBXBuildFile; fileRef = 84C8DF6B26EC934A003E3D8B /* LaunchListPresenter.swift */; };
		84C8DF6F26ECD6F2003E3D8B /* ImageCacher.swift in Sources */ = {isa = PBXBuildFile; fileRef = 84C8DF6E26ECD6F2003E3D8B /* ImageCacher.swift */; };
		84E0562526EE2B2000330A50 /* LaunchpadDetailsViewController.swift in Sources */ = {isa = PBXBuildFile; fileRef = 84E0562326EE2B2000330A50 /* LaunchpadDetailsViewController.swift */; };
		84E0562626EE2B2000330A50 /* LaunchpadDetailsViewController.xib in Resources */ = {isa = PBXBuildFile; fileRef = 84E0562426EE2B2000330A50 /* LaunchpadDetailsViewController.xib */; };
		84E0562A26EE2B3900330A50 /* LaunchDetailsViewController.swift in Sources */ = {isa = PBXBuildFile; fileRef = 84E0562826EE2B3900330A50 /* LaunchDetailsViewController.swift */; };
		84E0562B26EE2B3900330A50 /* LaunchDetailsViewController.xib in Resources */ = {isa = PBXBuildFile; fileRef = 84E0562926EE2B3900330A50 /* LaunchDetailsViewController.xib */; };
		84E0562F26EE2B4A00330A50 /* RocketDetailsViewController.swift in Sources */ = {isa = PBXBuildFile; fileRef = 84E0562D26EE2B4A00330A50 /* RocketDetailsViewController.swift */; };
		84E0563026EE2B4A00330A50 /* RocketDetailsViewController.xib in Resources */ = {isa = PBXBuildFile; fileRef = 84E0562E26EE2B4A00330A50 /* RocketDetailsViewController.xib */; };
/* End PBXBuildFile section */

/* Begin PBXContainerItemProxy section */
		3F2E8BC126F3446800240305 /* PBXContainerItemProxy */ = {
			isa = PBXContainerItemProxy;
			containerPortal = 3F95D96626E883D500ECB3D8 /* Project object */;
			proxyType = 1;
			remoteGlobalIDString = 3F95D96D26E883D500ECB3D8;
			remoteInfo = RSTask11;
		};
/* End PBXContainerItemProxy section */

/* Begin PBXFileReference section */
		3F2E8BBC26F3446800240305 /* RSTask11Tests.xctest */ = {isa = PBXFileReference; explicitFileType = wrapper.cfbundle; includeInIndex = 0; path = RSTask11Tests.xctest; sourceTree = BUILT_PRODUCTS_DIR; };
		3F2E8BBE26F3446800240305 /* RSTask11Tests.swift */ = {isa = PBXFileReference; lastKnownFileType = sourcecode.swift; path = RSTask11Tests.swift; sourceTree = "<group>"; };
		3F2E8BC026F3446800240305 /* Info.plist */ = {isa = PBXFileReference; lastKnownFileType = text.plist.xml; path = Info.plist; sourceTree = "<group>"; };
		3F2E8BC626F344B600240305 /* RocketTest.swift */ = {isa = PBXFileReference; lastKnownFileType = sourcecode.swift; path = RocketTest.swift; sourceTree = "<group>"; };
		3F2E8BC826F3454700240305 /* Mocks.swift */ = {isa = PBXFileReference; lastKnownFileType = sourcecode.swift; path = Mocks.swift; sourceTree = "<group>"; };
		3F38F93726F084C000A6D7A5 /* ShadowedMapView.swift */ = {isa = PBXFileReference; lastKnownFileType = sourcecode.swift; path = ShadowedMapView.swift; sourceTree = "<group>"; };
		3F38F93926F089F300A6D7A5 /* ImageViewPresenter.swift */ = {isa = PBXFileReference; lastKnownFileType = sourcecode.swift; path = ImageViewPresenter.swift; sourceTree = "<group>"; };
		3F38F93B26F0C1F300A6D7A5 /* LaunchpadDetailsPresenter.swift */ = {isa = PBXFileReference; lastKnownFileType = sourcecode.swift; path = LaunchpadDetailsPresenter.swift; sourceTree = "<group>"; };
		3F6E904B26E9E66F00A9FA49 /* UITabBarControllerTransitions.swift */ = {isa = PBXFileReference; lastKnownFileType = sourcecode.swift; path = UITabBarControllerTransitions.swift; sourceTree = "<group>"; };
		3F6E904E26E9EE3400A9FA49 /* RocketListViewController.swift */ = {isa = PBXFileReference; lastKnownFileType = sourcecode.swift; path = RocketListViewController.swift; sourceTree = "<group>"; };
		3F6E905026E9EE5C00A9FA49 /* RocketCell.swift */ = {isa = PBXFileReference; lastKnownFileType = sourcecode.swift; path = RocketCell.swift; sourceTree = "<group>"; };
		3F6E905126E9EE5C00A9FA49 /* RocketCell.xib */ = {isa = PBXFileReference; lastKnownFileType = file.xib; path = RocketCell.xib; sourceTree = "<group>"; };
		3F6E905526EA3BD200A9FA49 /* LaunchCell.swift */ = {isa = PBXFileReference; lastKnownFileType = sourcecode.swift; path = LaunchCell.swift; sourceTree = "<group>"; };
		3F6E905626EA3BD200A9FA49 /* LaunchCell.xib */ = {isa = PBXFileReference; lastKnownFileType = file.xib; path = LaunchCell.xib; sourceTree = "<group>"; };
		3F6E905926EA3C4300A9FA49 /* IndicatorView.swift */ = {isa = PBXFileReference; lastKnownFileType = sourcecode.swift; path = IndicatorView.swift; sourceTree = "<group>"; };
		3F6E905F26EA4A6A00A9FA49 /* ShadowedView.swift */ = {isa = PBXFileReference; lastKnownFileType = sourcecode.swift; path = ShadowedView.swift; sourceTree = "<group>"; };
		3F6E906426EA4C3000A9FA49 /* ShadowedImageView.swift */ = {isa = PBXFileReference; lastKnownFileType = sourcecode.swift; path = ShadowedImageView.swift; sourceTree = "<group>"; };
		3F6E906626EA4CEE00A9FA49 /* ShadowedButton.swift */ = {isa = PBXFileReference; lastKnownFileType = sourcecode.swift; path = ShadowedButton.swift; sourceTree = "<group>"; };
		3F700E3826EF3194003B2EBB /* RocketDetailsPresenter.swift */ = {isa = PBXFileReference; lastKnownFileType = sourcecode.swift; path = RocketDetailsPresenter.swift; sourceTree = "<group>"; };
		3F7F60DE26EB31A000BB537E /* Coordinator.swift */ = {isa = PBXFileReference; lastKnownFileType = sourcecode.swift; path = Coordinator.swift; sourceTree = "<group>"; };
		3F7F60E126EB327700BB537E /* NetworkService.swift */ = {isa = PBXFileReference; lastKnownFileType = sourcecode.swift; path = NetworkService.swift; sourceTree = "<group>"; };
		3F7F60E326EB32F600BB537E /* LaunchListViewController.swift */ = {isa = PBXFileReference; lastKnownFileType = sourcecode.swift; path = LaunchListViewController.swift; sourceTree = "<group>"; };
		3F7F60E626EB352600BB537E /* LaunchpadListViewController.swift */ = {isa = PBXFileReference; lastKnownFileType = sourcecode.swift; path = LaunchpadListViewController.swift; sourceTree = "<group>"; };
		3F7F60E826EB395500BB537E /* LaunchpadCell.swift */ = {isa = PBXFileReference; lastKnownFileType = sourcecode.swift; path = LaunchpadCell.swift; sourceTree = "<group>"; };
		3F7F60E926EB395500BB537E /* LaunchpadCell.xib */ = {isa = PBXFileReference; lastKnownFileType = file.xib; path = LaunchpadCell.xib; sourceTree = "<group>"; };
		3F7F60EE26EB3DD800BB537E /* Launchpad.swift */ = {isa = PBXFileReference; lastKnownFileType = sourcecode.swift; path = Launchpad.swift; sourceTree = "<group>"; };
		3F7F60F026EB4C1C00BB537E /* Launch.swift */ = {isa = PBXFileReference; lastKnownFileType = sourcecode.swift; path = Launch.swift; sourceTree = "<group>"; };
		3F7F60F226EB509500BB537E /* Helper.swift */ = {isa = PBXFileReference; lastKnownFileType = sourcecode.swift; path = Helper.swift; sourceTree = "<group>"; };
		3F7F60F526EB8AED00BB537E /* LaunchpadListPresenter.swift */ = {isa = PBXFileReference; lastKnownFileType = sourcecode.swift; path = LaunchpadListPresenter.swift; sourceTree = "<group>"; };
		3F7F60F726EB8DDD00BB537E /* Service.swift */ = {isa = PBXFileReference; lastKnownFileType = sourcecode.swift; path = Service.swift; sourceTree = "<group>"; };
		3F7F60F926EB90B900BB537E /* LaunchpadCellViewData.swift */ = {isa = PBXFileReference; lastKnownFileType = sourcecode.swift; path = LaunchpadCellViewData.swift; sourceTree = "<group>"; };
		3F95D96E26E883D500ECB3D8 /* RSTask11.app */ = {isa = PBXFileReference; explicitFileType = wrapper.application; includeInIndex = 0; path = RSTask11.app; sourceTree = BUILT_PRODUCTS_DIR; };
		3F95D97126E883D500ECB3D8 /* AppDelegate.swift */ = {isa = PBXFileReference; lastKnownFileType = sourcecode.swift; path = AppDelegate.swift; sourceTree = "<group>"; };
		3F95D97A26E883D600ECB3D8 /* Assets.xcassets */ = {isa = PBXFileReference; lastKnownFileType = folder.assetcatalog; path = Assets.xcassets; sourceTree = "<group>"; };
		3F95D97D26E883D600ECB3D8 /* Base */ = {isa = PBXFileReference; lastKnownFileType = file.storyboard; name = Base; path = Base.lproj/LaunchScreen.storyboard; sourceTree = "<group>"; };
		3F95D97F26E883D600ECB3D8 /* Info.plist */ = {isa = PBXFileReference; lastKnownFileType = text.plist.xml; path = Info.plist; sourceTree = "<group>"; };
		3F95D98626E8869500ECB3D8 /* Assets.swift */ = {isa = PBXFileReference; lastKnownFileType = sourcecode.swift; path = Assets.swift; sourceTree = "<group>"; };
		3F95D98926E89E4C00ECB3D8 /* Roboto-Bold.ttf */ = {isa = PBXFileReference; lastKnownFileType = file; path = "Roboto-Bold.ttf"; sourceTree = "<group>"; };
		3F95D98B26E89E5F00ECB3D8 /* Roboto-Medium.ttf */ = {isa = PBXFileReference; lastKnownFileType = file; path = "Roboto-Medium.ttf"; sourceTree = "<group>"; };
		3FB6612426EB972D00661134 /* Coordinator + PresenterCoordinator.swift */ = {isa = PBXFileReference; lastKnownFileType = sourcecode.swift; path = "Coordinator + PresenterCoordinator.swift"; sourceTree = "<group>"; };
		3FCEB9FA26F20835000253F0 /* UINavigationControllerTransitions.swift */ = {isa = PBXFileReference; lastKnownFileType = sourcecode.swift; path = UINavigationControllerTransitions.swift; sourceTree = "<group>"; };
		3FE2421026EF6E4E0013C76C /* ImageCell.swift */ = {isa = PBXFileReference; lastKnownFileType = sourcecode.swift; path = ImageCell.swift; sourceTree = "<group>"; };
		3FE2421126EF6E4E0013C76C /* ImageCell.xib */ = {isa = PBXFileReference; lastKnownFileType = file.xib; path = ImageCell.xib; sourceTree = "<group>"; };
		3FE2421526EF903C0013C76C /* LaunchDetailsPresenter.swift */ = {isa = PBXFileReference; lastKnownFileType = sourcecode.swift; path = LaunchDetailsPresenter.swift; sourceTree = "<group>"; };
		3FE2421926EF98500013C76C /* WebViewController.swift */ = {isa = PBXFileReference; lastKnownFileType = sourcecode.swift; path = WebViewController.swift; sourceTree = "<group>"; };
		3FE2421A26EF98500013C76C /* WebViewController.xib */ = {isa = PBXFileReference; lastKnownFileType = file.xib; path = WebViewController.xib; sourceTree = "<group>"; };
		3FE2421E26EFA0120013C76C /* ImageViewController.swift */ = {isa = PBXFileReference; lastKnownFileType = sourcecode.swift; path = ImageViewController.swift; sourceTree = "<group>"; };
		84212E7D26EBDBC6007BEDA9 /* Rocket.swift */ = {isa = PBXFileReference; lastKnownFileType = sourcecode.swift; path = Rocket.swift; sourceTree = "<group>"; };
		84212E8226EBE956007BEDA9 /* LaunchCellViewData.swift */ = {isa = PBXFileReference; lastKnownFileType = sourcecode.swift; path = LaunchCellViewData.swift; sourceTree = "<group>"; };
		84212E8526EBE969007BEDA9 /* RocketCellViewData.swift */ = {isa = PBXFileReference; lastKnownFileType = sourcecode.swift; path = RocketCellViewData.swift; sourceTree = "<group>"; };
		84C8DF6826EC9307003E3D8B /* RocketListPresenter.swift */ = {isa = PBXFileReference; lastKnownFileType = sourcecode.swift; path = RocketListPresenter.swift; sourceTree = "<group>"; };
		84C8DF6B26EC934A003E3D8B /* LaunchListPresenter.swift */ = {isa = PBXFileReference; lastKnownFileType = sourcecode.swift; path = LaunchListPresenter.swift; sourceTree = "<group>"; };
		84C8DF6E26ECD6F2003E3D8B /* ImageCacher.swift */ = {isa = PBXFileReference; lastKnownFileType = sourcecode.swift; path = ImageCacher.swift; sourceTree = "<group>"; };
		84E0562326EE2B2000330A50 /* LaunchpadDetailsViewController.swift */ = {isa = PBXFileReference; lastKnownFileType = sourcecode.swift; path = LaunchpadDetailsViewController.swift; sourceTree = "<group>"; };
		84E0562426EE2B2000330A50 /* LaunchpadDetailsViewController.xib */ = {isa = PBXFileReference; lastKnownFileType = file.xib; path = LaunchpadDetailsViewController.xib; sourceTree = "<group>"; };
		84E0562826EE2B3900330A50 /* LaunchDetailsViewController.swift */ = {isa = PBXFileReference; lastKnownFileType = sourcecode.swift; path = LaunchDetailsViewController.swift; sourceTree = "<group>"; };
		84E0562926EE2B3900330A50 /* LaunchDetailsViewController.xib */ = {isa = PBXFileReference; lastKnownFileType = file.xib; path = LaunchDetailsViewController.xib; sourceTree = "<group>"; };
		84E0562D26EE2B4A00330A50 /* RocketDetailsViewController.swift */ = {isa = PBXFileReference; lastKnownFileType = sourcecode.swift; path = RocketDetailsViewController.swift; sourceTree = "<group>"; };
		84E0562E26EE2B4A00330A50 /* RocketDetailsViewController.xib */ = {isa = PBXFileReference; lastKnownFileType = file.xib; path = RocketDetailsViewController.xib; sourceTree = "<group>"; };
/* End PBXFileReference section */

/* Begin PBXFrameworksBuildPhase section */
		3F2E8BB926F3446800240305 /* Frameworks */ = {
			isa = PBXFrameworksBuildPhase;
			buildActionMask = 2147483647;
			files = (
			);
			runOnlyForDeploymentPostprocessing = 0;
		};
		3F95D96B26E883D500ECB3D8 /* Frameworks */ = {
			isa = PBXFrameworksBuildPhase;
			buildActionMask = 2147483647;
			files = (
			);
			runOnlyForDeploymentPostprocessing = 0;
		};
/* End PBXFrameworksBuildPhase section */

/* Begin PBXGroup section */
		3F2E8BBD26F3446800240305 /* RSTask11Tests */ = {
			isa = PBXGroup;
			children = (
				3F2E8BC026F3446800240305 /* Info.plist */,
				3F2E8BBE26F3446800240305 /* RSTask11Tests.swift */,
				3F2E8BC626F344B600240305 /* RocketTest.swift */,
				3F2E8BC826F3454700240305 /* Mocks.swift */,
			);
			path = RSTask11Tests;
			sourceTree = "<group>";
		};
		3F38F93426F0825700A6D7A5 /* Cells */ = {
			isa = PBXGroup;
			children = (
				3F6E906226EA4BA600A9FA49 /* RocketCell */,
				3FE2420F26EF62890013C76C /* ImageCell */,
				3F7F60EC26EB3C0700BB537E /* LaunchpadCell */,
				3F6E906326EA4BC300A9FA49 /* LaunchCell */,
			);
			path = Cells;
			sourceTree = "<group>";
		};
		3F38F93526F0839E00A6D7A5 /* Animators */ = {
			isa = PBXGroup;
			children = (
				3F6E904B26E9E66F00A9FA49 /* UITabBarControllerTransitions.swift */,
				3FCEB9FA26F20835000253F0 /* UINavigationControllerTransitions.swift */,
			);
			path = Animators;
			sourceTree = "<group>";
		};
		3F38F93626F0843300A6D7A5 /* Other Files */ = {
			isa = PBXGroup;
			children = (
				3F95D97F26E883D600ECB3D8 /* Info.plist */,
				3F95D97126E883D500ECB3D8 /* AppDelegate.swift */,
				3F95D97C26E883D600ECB3D8 /* LaunchScreen.storyboard */,
			);
			path = "Other Files";
			sourceTree = "<group>";
		};
		3F6E904D26E9EE0300A9FA49 /* RocketList */ = {
			isa = PBXGroup;
			children = (
				84C8DF6826EC9307003E3D8B /* RocketListPresenter.swift */,
				3F6E904E26E9EE3400A9FA49 /* RocketListViewController.swift */,
			);
			path = RocketList;
			sourceTree = "<group>";
		};
		3F6E905426EA3BA900A9FA49 /* LaunchList */ = {
			isa = PBXGroup;
			children = (
				84C8DF6B26EC934A003E3D8B /* LaunchListPresenter.swift */,
				3F7F60E326EB32F600BB537E /* LaunchListViewController.swift */,
			);
			path = LaunchList;
			sourceTree = "<group>";
		};
		3F6E906126EA4B9C00A9FA49 /* CustomView */ = {
			isa = PBXGroup;
			children = (
				3F6E906626EA4CEE00A9FA49 /* ShadowedButton.swift */,
				3F6E905926EA3C4300A9FA49 /* IndicatorView.swift */,
				3F6E905F26EA4A6A00A9FA49 /* ShadowedView.swift */,
				3F6E906426EA4C3000A9FA49 /* ShadowedImageView.swift */,
				3F38F93726F084C000A6D7A5 /* ShadowedMapView.swift */,
			);
			path = CustomView;
			sourceTree = "<group>";
		};
		3F6E906226EA4BA600A9FA49 /* RocketCell */ = {
			isa = PBXGroup;
			children = (
				3F6E905026E9EE5C00A9FA49 /* RocketCell.swift */,
				3F6E905126E9EE5C00A9FA49 /* RocketCell.xib */,
			);
			path = RocketCell;
			sourceTree = "<group>";
		};
		3F6E906326EA4BC300A9FA49 /* LaunchCell */ = {
			isa = PBXGroup;
			children = (
				3F6E905526EA3BD200A9FA49 /* LaunchCell.swift */,
				3F6E905626EA3BD200A9FA49 /* LaunchCell.xib */,
			);
			path = LaunchCell;
			sourceTree = "<group>";
		};
		3F7F60E026EB325400BB537E /* Service */ = {
			isa = PBXGroup;
			children = (
				3F7F60E126EB327700BB537E /* NetworkService.swift */,
				3F7F60F726EB8DDD00BB537E /* Service.swift */,
				84C8DF6E26ECD6F2003E3D8B /* ImageCacher.swift */,
			);
			path = Service;
			sourceTree = "<group>";
		};
		3F7F60E526EB350400BB537E /* LaunchpadList */ = {
			isa = PBXGroup;
			children = (
				3F7F60F526EB8AED00BB537E /* LaunchpadListPresenter.swift */,
				3F7F60E626EB352600BB537E /* LaunchpadListViewController.swift */,
			);
			path = LaunchpadList;
			sourceTree = "<group>";
		};
		3F7F60EC26EB3C0700BB537E /* LaunchpadCell */ = {
			isa = PBXGroup;
			children = (
				3F7F60E826EB395500BB537E /* LaunchpadCell.swift */,
				3F7F60E926EB395500BB537E /* LaunchpadCell.xib */,
			);
			path = LaunchpadCell;
			sourceTree = "<group>";
		};
		3F7F60ED26EB3D5700BB537E /* Model */ = {
			isa = PBXGroup;
			children = (
				3F7F60EE26EB3DD800BB537E /* Launchpad.swift */,
				3F7F60F026EB4C1C00BB537E /* Launch.swift */,
				84212E7D26EBDBC6007BEDA9 /* Rocket.swift */,
			);
			path = Model;
			sourceTree = "<group>";
		};
		3F95D96526E883D500ECB3D8 = {
			isa = PBXGroup;
			children = (
				3F95D97026E883D500ECB3D8 /* RSTask11 */,
				3F2E8BBD26F3446800240305 /* RSTask11Tests */,
				3F95D96F26E883D500ECB3D8 /* Products */,
			);
			sourceTree = "<group>";
		};
		3F95D96F26E883D500ECB3D8 /* Products */ = {
			isa = PBXGroup;
			children = (
				3F95D96E26E883D500ECB3D8 /* RSTask11.app */,
				3F2E8BBC26F3446800240305 /* RSTask11Tests.xctest */,
			);
			name = Products;
			sourceTree = "<group>";
		};
		3F95D97026E883D500ECB3D8 /* RSTask11 */ = {
			isa = PBXGroup;
			children = (
				3F38F93526F0839E00A6D7A5 /* Animators */,
				3F38F93426F0825700A6D7A5 /* Cells */,
				3FB6612326EB970400661134 /* Coordinator */,
				3F6E906126EA4B9C00A9FA49 /* CustomView */,
				3F7F60ED26EB3D5700BB537E /* Model */,
				3F38F93626F0843300A6D7A5 /* Other Files */,
				3F95D98526E8867C00ECB3D8 /* Resourses */,
				3F95D98D26E8A09600ECB3D8 /* Screens */,
				3F7F60E026EB325400BB537E /* Service */,
				84212E8026EBE89B007BEDA9 /* ViewData */,
			);
			path = RSTask11;
			sourceTree = "<group>";
		};
		3F95D98526E8867C00ECB3D8 /* Resourses */ = {
			isa = PBXGroup;
			children = (
				3F95D98826E89E3100ECB3D8 /* Fonts */,
				3F95D97A26E883D600ECB3D8 /* Assets.xcassets */,
				3F95D98626E8869500ECB3D8 /* Assets.swift */,
				3F7F60F226EB509500BB537E /* Helper.swift */,
			);
			path = Resourses;
			sourceTree = "<group>";
		};
		3F95D98826E89E3100ECB3D8 /* Fonts */ = {
			isa = PBXGroup;
			children = (
				3F95D98B26E89E5F00ECB3D8 /* Roboto-Medium.ttf */,
				3F95D98926E89E4C00ECB3D8 /* Roboto-Bold.ttf */,
			);
			path = Fonts;
			sourceTree = "<group>";
		};
		3F95D98D26E8A09600ECB3D8 /* Screens */ = {
			isa = PBXGroup;
			children = (
				3FE2421D26EF9FC70013C76C /* ImageViewController */,
				3FE2421826EF98280013C76C /* WebView */,
				84E0562226EE2A5700330A50 /* LaunchpadDetails */,
				84E0562126EE2A4600330A50 /* LaunchDetails */,
				84E0562026EE2A3300330A50 /* RocketDetails */,
				3F6E904D26E9EE0300A9FA49 /* RocketList */,
				3F7F60E526EB350400BB537E /* LaunchpadList */,
				3F6E905426EA3BA900A9FA49 /* LaunchList */,
			);
			path = Screens;
			sourceTree = "<group>";
		};
		3FB6612326EB970400661134 /* Coordinator */ = {
			isa = PBXGroup;
			children = (
				3F7F60DE26EB31A000BB537E /* Coordinator.swift */,
				3FB6612426EB972D00661134 /* Coordinator + PresenterCoordinator.swift */,
			);
			path = Coordinator;
			sourceTree = "<group>";
		};
		3FE2420F26EF62890013C76C /* ImageCell */ = {
			isa = PBXGroup;
			children = (
				3FE2421026EF6E4E0013C76C /* ImageCell.swift */,
				3FE2421126EF6E4E0013C76C /* ImageCell.xib */,
			);
			path = ImageCell;
			sourceTree = "<group>";
		};
		3FE2421826EF98280013C76C /* WebView */ = {
			isa = PBXGroup;
			children = (
				3FE2421926EF98500013C76C /* WebViewController.swift */,
				3FE2421A26EF98500013C76C /* WebViewController.xib */,
			);
			path = WebView;
			sourceTree = "<group>";
		};
		3FE2421D26EF9FC70013C76C /* ImageViewController */ = {
			isa = PBXGroup;
			children = (
				3FE2421E26EFA0120013C76C /* ImageViewController.swift */,
				3F38F93926F089F300A6D7A5 /* ImageViewPresenter.swift */,
			);
			path = ImageViewController;
			sourceTree = "<group>";
		};
		84212E8026EBE89B007BEDA9 /* ViewData */ = {
			isa = PBXGroup;
			children = (
				3F7F60F926EB90B900BB537E /* LaunchpadCellViewData.swift */,
				84212E8226EBE956007BEDA9 /* LaunchCellViewData.swift */,
				84212E8526EBE969007BEDA9 /* RocketCellViewData.swift */,
			);
			path = ViewData;
			sourceTree = "<group>";
		};
		84E0562026EE2A3300330A50 /* RocketDetails */ = {
			isa = PBXGroup;
			children = (
				3F700E3826EF3194003B2EBB /* RocketDetailsPresenter.swift */,
				84E0562D26EE2B4A00330A50 /* RocketDetailsViewController.swift */,
				84E0562E26EE2B4A00330A50 /* RocketDetailsViewController.xib */,
			);
			path = RocketDetails;
			sourceTree = "<group>";
		};
		84E0562126EE2A4600330A50 /* LaunchDetails */ = {
			isa = PBXGroup;
			children = (
				3FE2421526EF903C0013C76C /* LaunchDetailsPresenter.swift */,
				84E0562826EE2B3900330A50 /* LaunchDetailsViewController.swift */,
				84E0562926EE2B3900330A50 /* LaunchDetailsViewController.xib */,
			);
			path = LaunchDetails;
			sourceTree = "<group>";
		};
		84E0562226EE2A5700330A50 /* LaunchpadDetails */ = {
			isa = PBXGroup;
			children = (
				3F38F93B26F0C1F300A6D7A5 /* LaunchpadDetailsPresenter.swift */,
				84E0562326EE2B2000330A50 /* LaunchpadDetailsViewController.swift */,
				84E0562426EE2B2000330A50 /* LaunchpadDetailsViewController.xib */,
			);
			path = LaunchpadDetails;
			sourceTree = "<group>";
		};
/* End PBXGroup section */

/* Begin PBXNativeTarget section */
		3F2E8BBB26F3446800240305 /* RSTask11Tests */ = {
			isa = PBXNativeTarget;
			buildConfigurationList = 3F2E8BC526F3446800240305 /* Build configuration list for PBXNativeTarget "RSTask11Tests" */;
			buildPhases = (
				3F2E8BB826F3446800240305 /* Sources */,
				3F2E8BB926F3446800240305 /* Frameworks */,
				3F2E8BBA26F3446800240305 /* Resources */,
			);
			buildRules = (
			);
			dependencies = (
				3F2E8BC226F3446800240305 /* PBXTargetDependency */,
			);
			name = RSTask11Tests;
			productName = RSTask11Tests;
			productReference = 3F2E8BBC26F3446800240305 /* RSTask11Tests.xctest */;
			productType = "com.apple.product-type.bundle.unit-test";
		};
		3F95D96D26E883D500ECB3D8 /* RSTask11 */ = {
			isa = PBXNativeTarget;
			buildConfigurationList = 3F95D98226E883D600ECB3D8 /* Build configuration list for PBXNativeTarget "RSTask11" */;
			buildPhases = (
				3F95D96A26E883D500ECB3D8 /* Sources */,
				3F95D96B26E883D500ECB3D8 /* Frameworks */,
				3F95D96C26E883D500ECB3D8 /* Resources */,
			);
			buildRules = (
			);
			dependencies = (
			);
			name = RSTask11;
			productName = RSTask11;
			productReference = 3F95D96E26E883D500ECB3D8 /* RSTask11.app */;
			productType = "com.apple.product-type.application";
		};
/* End PBXNativeTarget section */

/* Begin PBXProject section */
		3F95D96626E883D500ECB3D8 /* Project object */ = {
			isa = PBXProject;
			attributes = {
				LastSwiftUpdateCheck = 1250;
				LastUpgradeCheck = 1250;
				TargetAttributes = {
					3F2E8BBB26F3446800240305 = {
						CreatedOnToolsVersion = 12.5.1;
						TestTargetID = 3F95D96D26E883D500ECB3D8;
					};
					3F95D96D26E883D500ECB3D8 = {
						CreatedOnToolsVersion = 12.5.1;
					};
				};
			};
			buildConfigurationList = 3F95D96926E883D500ECB3D8 /* Build configuration list for PBXProject "RSTask11" */;
			compatibilityVersion = "Xcode 9.3";
			developmentRegion = en;
			hasScannedForEncodings = 0;
			knownRegions = (
				en,
				Base,
			);
			mainGroup = 3F95D96526E883D500ECB3D8;
			productRefGroup = 3F95D96F26E883D500ECB3D8 /* Products */;
			projectDirPath = "";
			projectRoot = "";
			targets = (
				3F95D96D26E883D500ECB3D8 /* RSTask11 */,
				3F2E8BBB26F3446800240305 /* RSTask11Tests */,
			);
		};
/* End PBXProject section */

/* Begin PBXResourcesBuildPhase section */
		3F2E8BBA26F3446800240305 /* Resources */ = {
			isa = PBXResourcesBuildPhase;
			buildActionMask = 2147483647;
			files = (
			);
			runOnlyForDeploymentPostprocessing = 0;
		};
		3F95D96C26E883D500ECB3D8 /* Resources */ = {
			isa = PBXResourcesBuildPhase;
			buildActionMask = 2147483647;
			files = (
				84E0562626EE2B2000330A50 /* LaunchpadDetailsViewController.xib in Resources */,
				3F95D98C26E89E5F00ECB3D8 /* Roboto-Medium.ttf in Resources */,
				84E0562B26EE2B3900330A50 /* LaunchDetailsViewController.xib in Resources */,
				3FE2421C26EF98500013C76C /* WebViewController.xib in Resources */,
				84E0563026EE2B4A00330A50 /* RocketDetailsViewController.xib in Resources */,
				3F95D97E26E883D600ECB3D8 /* LaunchScreen.storyboard in Resources */,
				3F6E905826EA3BD200A9FA49 /* LaunchCell.xib in Resources */,
				3FE2421326EF6E4E0013C76C /* ImageCell.xib in Resources */,
				3F95D97B26E883D600ECB3D8 /* Assets.xcassets in Resources */,
				3F6E905326E9EE5C00A9FA49 /* RocketCell.xib in Resources */,
				3F95D98A26E89E4C00ECB3D8 /* Roboto-Bold.ttf in Resources */,
				3F7F60EB26EB395500BB537E /* LaunchpadCell.xib in Resources */,
			);
			runOnlyForDeploymentPostprocessing = 0;
		};
/* End PBXResourcesBuildPhase section */

/* Begin PBXSourcesBuildPhase section */
		3F2E8BB826F3446800240305 /* Sources */ = {
			isa = PBXSourcesBuildPhase;
			buildActionMask = 2147483647;
			files = (
				3F2E8BBF26F3446800240305 /* RSTask11Tests.swift in Sources */,
				3F2E8BC726F344B600240305 /* RocketTest.swift in Sources */,
				3F2E8BC926F3454700240305 /* Mocks.swift in Sources */,
			);
			runOnlyForDeploymentPostprocessing = 0;
		};
		3F95D96A26E883D500ECB3D8 /* Sources */ = {
			isa = PBXSourcesBuildPhase;
			buildActionMask = 2147483647;
			files = (
				3F6E905226E9EE5C00A9FA49 /* RocketCell.swift in Sources */,
				84E0562A26EE2B3900330A50 /* LaunchDetailsViewController.swift in Sources */,
				84212E8326EBE956007BEDA9 /* LaunchCellViewData.swift in Sources */,
				3F7F60E426EB32F600BB537E /* LaunchListViewController.swift in Sources */,
				3F700E3926EF3194003B2EBB /* RocketDetailsPresenter.swift in Sources */,
				3F95D98726E8869500ECB3D8 /* Assets.swift in Sources */,
				3F38F93C26F0C1F300A6D7A5 /* LaunchpadDetailsPresenter.swift in Sources */,
				3F6E906026EA4A6A00A9FA49 /* ShadowedView.swift in Sources */,
				3FE2421F26EFA0120013C76C /* ImageViewController.swift in Sources */,
				3F7F60F326EB509500BB537E /* Helper.swift in Sources */,
				3F7F60EF26EB3DD800BB537E /* Launchpad.swift in Sources */,
				84212E8626EBE969007BEDA9 /* RocketCellViewData.swift in Sources */,
				3F7F60FA26EB90B900BB537E /* LaunchpadCellViewData.swift in Sources */,
				3F7F60F626EB8AED00BB537E /* LaunchpadListPresenter.swift in Sources */,
				3FB6612526EB972D00661134 /* Coordinator + PresenterCoordinator.swift in Sources */,
				3F7F60F826EB8DDD00BB537E /* Service.swift in Sources */,
				3F6E906526EA4C3000A9FA49 /* ShadowedImageView.swift in Sources */,
				84E0562526EE2B2000330A50 /* LaunchpadDetailsViewController.swift in Sources */,
				3F6E906726EA4CEE00A9FA49 /* ShadowedButton.swift in Sources */,
				84C8DF6C26EC934A003E3D8B /* LaunchListPresenter.swift in Sources */,
				3FE2421B26EF98500013C76C /* WebViewController.swift in Sources */,
				3F6E904F26E9EE3400A9FA49 /* RocketListViewController.swift in Sources */,
				3F38F93826F084C000A6D7A5 /* ShadowedMapView.swift in Sources */,
				3F6E904C26E9E66F00A9FA49 /* UITabBarControllerTransitions.swift in Sources */,
				84212E7E26EBDBC6007BEDA9 /* Rocket.swift in Sources */,
				3F7F60F126EB4C1C00BB537E /* Launch.swift in Sources */,
				3FE2421226EF6E4E0013C76C /* ImageCell.swift in Sources */,
				3F7F60DF26EB31A000BB537E /* Coordinator.swift in Sources */,
				3F6E905726EA3BD200A9FA49 /* LaunchCell.swift in Sources */,
				3FE2421626EF903C0013C76C /* LaunchDetailsPresenter.swift in Sources */,
				3F38F93A26F089F300A6D7A5 /* ImageViewPresenter.swift in Sources */,
				3F6E905A26EA3C4300A9FA49 /* IndicatorView.swift in Sources */,
				84C8DF6926EC9307003E3D8B /* RocketListPresenter.swift in Sources */,
				3F7F60E226EB327700BB537E /* NetworkService.swift in Sources */,
				3FCEB9FB26F20835000253F0 /* UINavigationControllerTransitions.swift in Sources */,
				84E0562F26EE2B4A00330A50 /* RocketDetailsViewController.swift in Sources */,
				3F7F60E726EB352600BB537E /* LaunchpadListViewController.swift in Sources */,
				3F7F60EA26EB395500BB537E /* LaunchpadCell.swift in Sources */,
				84C8DF6F26ECD6F2003E3D8B /* ImageCacher.swift in Sources */,
				3F95D97226E883D500ECB3D8 /* AppDelegate.swift in Sources */,
			);
			runOnlyForDeploymentPostprocessing = 0;
		};
/* End PBXSourcesBuildPhase section */

/* Begin PBXTargetDependency section */
		3F2E8BC226F3446800240305 /* PBXTargetDependency */ = {
			isa = PBXTargetDependency;
			target = 3F95D96D26E883D500ECB3D8 /* RSTask11 */;
			targetProxy = 3F2E8BC126F3446800240305 /* PBXContainerItemProxy */;
		};
/* End PBXTargetDependency section */

/* Begin PBXVariantGroup section */
		3F95D97C26E883D600ECB3D8 /* LaunchScreen.storyboard */ = {
			isa = PBXVariantGroup;
			children = (
				3F95D97D26E883D600ECB3D8 /* Base */,
			);
			name = LaunchScreen.storyboard;
			sourceTree = "<group>";
		};
/* End PBXVariantGroup section */

/* Begin XCBuildConfiguration section */
		3F2E8BC326F3446800240305 /* Debug */ = {
			isa = XCBuildConfiguration;
			buildSettings = {
				BUNDLE_LOADER = "$(TEST_HOST)";
				CODE_SIGN_STYLE = Automatic;
				DEVELOPMENT_TEAM = 9G6V47L895;
				INFOPLIST_FILE = RSTask11Tests/Info.plist;
				LD_RUNPATH_SEARCH_PATHS = (
					"$(inherited)",
					"@executable_path/Frameworks",
					"@loader_path/Frameworks",
				);
				PRODUCT_BUNDLE_IDENTIFIER = com.ivan.budovich.RSTask11Tests;
				PRODUCT_NAME = "$(TARGET_NAME)";
				SWIFT_VERSION = 5.0;
				TARGETED_DEVICE_FAMILY = "1,2";
				TEST_HOST = "$(BUILT_PRODUCTS_DIR)/RSTask11.app/RSTask11";
			};
			name = Debug;
		};
		3F2E8BC426F3446800240305 /* Release */ = {
			isa = XCBuildConfiguration;
			buildSettings = {
				BUNDLE_LOADER = "$(TEST_HOST)";
				CODE_SIGN_STYLE = Automatic;
				DEVELOPMENT_TEAM = 9G6V47L895;
				INFOPLIST_FILE = RSTask11Tests/Info.plist;
				LD_RUNPATH_SEARCH_PATHS = (
					"$(inherited)",
					"@executable_path/Frameworks",
					"@loader_path/Frameworks",
				);
				PRODUCT_BUNDLE_IDENTIFIER = com.ivan.budovich.RSTask11Tests;
				PRODUCT_NAME = "$(TARGET_NAME)";
				SWIFT_VERSION = 5.0;
				TARGETED_DEVICE_FAMILY = "1,2";
				TEST_HOST = "$(BUILT_PRODUCTS_DIR)/RSTask11.app/RSTask11";
			};
			name = Release;
		};
		3F95D98026E883D600ECB3D8 /* Debug */ = {
			isa = XCBuildConfiguration;
			buildSettings = {
				ALWAYS_SEARCH_USER_PATHS = NO;
				CLANG_ANALYZER_NONNULL = YES;
				CLANG_ANALYZER_NUMBER_OBJECT_CONVERSION = YES_AGGRESSIVE;
				CLANG_CXX_LANGUAGE_STANDARD = "gnu++14";
				CLANG_CXX_LIBRARY = "libc++";
				CLANG_ENABLE_MODULES = YES;
				CLANG_ENABLE_OBJC_ARC = YES;
				CLANG_ENABLE_OBJC_WEAK = YES;
				CLANG_WARN_BLOCK_CAPTURE_AUTORELEASING = YES;
				CLANG_WARN_BOOL_CONVERSION = YES;
				CLANG_WARN_COMMA = YES;
				CLANG_WARN_CONSTANT_CONVERSION = YES;
				CLANG_WARN_DEPRECATED_OBJC_IMPLEMENTATIONS = YES;
				CLANG_WARN_DIRECT_OBJC_ISA_USAGE = YES_ERROR;
				CLANG_WARN_DOCUMENTATION_COMMENTS = YES;
				CLANG_WARN_EMPTY_BODY = YES;
				CLANG_WARN_ENUM_CONVERSION = YES;
				CLANG_WARN_INFINITE_RECURSION = YES;
				CLANG_WARN_INT_CONVERSION = YES;
				CLANG_WARN_NON_LITERAL_NULL_CONVERSION = YES;
				CLANG_WARN_OBJC_IMPLICIT_RETAIN_SELF = YES;
				CLANG_WARN_OBJC_LITERAL_CONVERSION = YES;
				CLANG_WARN_OBJC_ROOT_CLASS = YES_ERROR;
				CLANG_WARN_QUOTED_INCLUDE_IN_FRAMEWORK_HEADER = YES;
				CLANG_WARN_RANGE_LOOP_ANALYSIS = YES;
				CLANG_WARN_STRICT_PROTOTYPES = YES;
				CLANG_WARN_SUSPICIOUS_MOVE = YES;
				CLANG_WARN_UNGUARDED_AVAILABILITY = YES_AGGRESSIVE;
				CLANG_WARN_UNREACHABLE_CODE = YES;
				CLANG_WARN__DUPLICATE_METHOD_MATCH = YES;
				COPY_PHASE_STRIP = NO;
				DEBUG_INFORMATION_FORMAT = dwarf;
				ENABLE_STRICT_OBJC_MSGSEND = YES;
				ENABLE_TESTABILITY = YES;
				GCC_C_LANGUAGE_STANDARD = gnu11;
				GCC_DYNAMIC_NO_PIC = NO;
				GCC_NO_COMMON_BLOCKS = YES;
				GCC_OPTIMIZATION_LEVEL = 0;
				GCC_PREPROCESSOR_DEFINITIONS = (
					"DEBUG=1",
					"$(inherited)",
				);
				GCC_WARN_64_TO_32_BIT_CONVERSION = YES;
				GCC_WARN_ABOUT_RETURN_TYPE = YES_ERROR;
				GCC_WARN_UNDECLARED_SELECTOR = YES;
				GCC_WARN_UNINITIALIZED_AUTOS = YES_AGGRESSIVE;
				GCC_WARN_UNUSED_FUNCTION = YES;
				GCC_WARN_UNUSED_VARIABLE = YES;
				IPHONEOS_DEPLOYMENT_TARGET = 14.5;
				MTL_ENABLE_DEBUG_INFO = INCLUDE_SOURCE;
				MTL_FAST_MATH = YES;
				ONLY_ACTIVE_ARCH = YES;
				SDKROOT = iphoneos;
				SWIFT_ACTIVE_COMPILATION_CONDITIONS = DEBUG;
				SWIFT_OPTIMIZATION_LEVEL = "-Onone";
			};
			name = Debug;
		};
		3F95D98126E883D600ECB3D8 /* Release */ = {
			isa = XCBuildConfiguration;
			buildSettings = {
				ALWAYS_SEARCH_USER_PATHS = NO;
				CLANG_ANALYZER_NONNULL = YES;
				CLANG_ANALYZER_NUMBER_OBJECT_CONVERSION = YES_AGGRESSIVE;
				CLANG_CXX_LANGUAGE_STANDARD = "gnu++14";
				CLANG_CXX_LIBRARY = "libc++";
				CLANG_ENABLE_MODULES = YES;
				CLANG_ENABLE_OBJC_ARC = YES;
				CLANG_ENABLE_OBJC_WEAK = YES;
				CLANG_WARN_BLOCK_CAPTURE_AUTORELEASING = YES;
				CLANG_WARN_BOOL_CONVERSION = YES;
				CLANG_WARN_COMMA = YES;
				CLANG_WARN_CONSTANT_CONVERSION = YES;
				CLANG_WARN_DEPRECATED_OBJC_IMPLEMENTATIONS = YES;
				CLANG_WARN_DIRECT_OBJC_ISA_USAGE = YES_ERROR;
				CLANG_WARN_DOCUMENTATION_COMMENTS = YES;
				CLANG_WARN_EMPTY_BODY = YES;
				CLANG_WARN_ENUM_CONVERSION = YES;
				CLANG_WARN_INFINITE_RECURSION = YES;
				CLANG_WARN_INT_CONVERSION = YES;
				CLANG_WARN_NON_LITERAL_NULL_CONVERSION = YES;
				CLANG_WARN_OBJC_IMPLICIT_RETAIN_SELF = YES;
				CLANG_WARN_OBJC_LITERAL_CONVERSION = YES;
				CLANG_WARN_OBJC_ROOT_CLASS = YES_ERROR;
				CLANG_WARN_QUOTED_INCLUDE_IN_FRAMEWORK_HEADER = YES;
				CLANG_WARN_RANGE_LOOP_ANALYSIS = YES;
				CLANG_WARN_STRICT_PROTOTYPES = YES;
				CLANG_WARN_SUSPICIOUS_MOVE = YES;
				CLANG_WARN_UNGUARDED_AVAILABILITY = YES_AGGRESSIVE;
				CLANG_WARN_UNREACHABLE_CODE = YES;
				CLANG_WARN__DUPLICATE_METHOD_MATCH = YES;
				COPY_PHASE_STRIP = NO;
				DEBUG_INFORMATION_FORMAT = "dwarf-with-dsym";
				ENABLE_NS_ASSERTIONS = NO;
				ENABLE_STRICT_OBJC_MSGSEND = YES;
				GCC_C_LANGUAGE_STANDARD = gnu11;
				GCC_NO_COMMON_BLOCKS = YES;
				GCC_WARN_64_TO_32_BIT_CONVERSION = YES;
				GCC_WARN_ABOUT_RETURN_TYPE = YES_ERROR;
				GCC_WARN_UNDECLARED_SELECTOR = YES;
				GCC_WARN_UNINITIALIZED_AUTOS = YES_AGGRESSIVE;
				GCC_WARN_UNUSED_FUNCTION = YES;
				GCC_WARN_UNUSED_VARIABLE = YES;
				IPHONEOS_DEPLOYMENT_TARGET = 14.5;
				MTL_ENABLE_DEBUG_INFO = NO;
				MTL_FAST_MATH = YES;
				SDKROOT = iphoneos;
				SWIFT_COMPILATION_MODE = wholemodule;
				SWIFT_OPTIMIZATION_LEVEL = "-O";
				VALIDATE_PRODUCT = YES;
			};
			name = Release;
		};
		3F95D98326E883D600ECB3D8 /* Debug */ = {
			isa = XCBuildConfiguration;
			buildSettings = {
				ASSETCATALOG_COMPILER_APPICON_NAME = AppIcon;
				ASSETCATALOG_COMPILER_GLOBAL_ACCENT_COLOR_NAME = AccentColor;
				CODE_SIGN_STYLE = Automatic;
				DEVELOPMENT_TEAM = 9G6V47L895;
				INFOPLIST_FILE = "RSTask11/Other Files/Info.plist";
				IPHONEOS_DEPLOYMENT_TARGET = 12.1;
				LD_RUNPATH_SEARCH_PATHS = (
					"$(inherited)",
					"@executable_path/Frameworks",
				);
				PRODUCT_BUNDLE_IDENTIFIER = com.ivan.budovich.RSTask11;
				PRODUCT_NAME = "$(TARGET_NAME)";
				SWIFT_VERSION = 5.0;
				TARGETED_DEVICE_FAMILY = "1,2";
			};
			name = Debug;
		};
		3F95D98426E883D600ECB3D8 /* Release */ = {
			isa = XCBuildConfiguration;
			buildSettings = {
				ASSETCATALOG_COMPILER_APPICON_NAME = AppIcon;
				ASSETCATALOG_COMPILER_GLOBAL_ACCENT_COLOR_NAME = AccentColor;
				CODE_SIGN_STYLE = Automatic;
				DEVELOPMENT_TEAM = 9G6V47L895;
				INFOPLIST_FILE = "RSTask11/Other Files/Info.plist";
				IPHONEOS_DEPLOYMENT_TARGET = 12.1;
				LD_RUNPATH_SEARCH_PATHS = (
					"$(inherited)",
					"@executable_path/Frameworks",
				);
				PRODUCT_BUNDLE_IDENTIFIER = com.ivan.budovich.RSTask11;
				PRODUCT_NAME = "$(TARGET_NAME)";
				SWIFT_VERSION = 5.0;
				TARGETED_DEVICE_FAMILY = "1,2";
			};
			name = Release;
		};
/* End XCBuildConfiguration section */

/* Begin XCConfigurationList section */
		3F2E8BC526F3446800240305 /* Build configuration list for PBXNativeTarget "RSTask11Tests" */ = {
			isa = XCConfigurationList;
			buildConfigurations = (
				3F2E8BC326F3446800240305 /* Debug */,
				3F2E8BC426F3446800240305 /* Release */,
			);
			defaultConfigurationIsVisible = 0;
			defaultConfigurationName = Release;
		};
		3F95D96926E883D500ECB3D8 /* Build configuration list for PBXProject "RSTask11" */ = {
			isa = XCConfigurationList;
			buildConfigurations = (
				3F95D98026E883D600ECB3D8 /* Debug */,
				3F95D98126E883D600ECB3D8 /* Release */,
			);
			defaultConfigurationIsVisible = 0;
			defaultConfigurationName = Release;
		};
		3F95D98226E883D600ECB3D8 /* Build configuration list for PBXNativeTarget "RSTask11" */ = {
			isa = XCConfigurationList;
			buildConfigurations = (
				3F95D98326E883D600ECB3D8 /* Debug */,
				3F95D98426E883D600ECB3D8 /* Release */,
			);
			defaultConfigurationIsVisible = 0;
			defaultConfigurationName = Release;
		};
/* End XCConfigurationList section */
	};
	rootObject = 3F95D96626E883D500ECB3D8 /* Project object */;
}
